// !$*UTF8*$!
{
	archiveVersion = 1;
	classes = {
	};
	objectVersion = 56;
	objects = {

/* Begin PBXBuildFile section */
		48C7117D08324DBD69BD7587 /* Pods_testtest.framework in Frameworks */ = {isa = PBXBuildFile; fileRef = 725E19AE8F63676BDA9B8C93 /* Pods_testtest.framework */; };
		E18400322CD8331A0066126F /* testtestApp.swift in Sources */ = {isa = PBXBuildFile; fileRef = E18400312CD8331A0066126F /* testtestApp.swift */; };
		E18400342CD8331A0066126F /* ContentView.swift in Sources */ = {isa = PBXBuildFile; fileRef = E18400332CD8331A0066126F /* ContentView.swift */; };
		E18400362CD8331D0066126F /* Assets.xcassets in Resources */ = {isa = PBXBuildFile; fileRef = E18400352CD8331D0066126F /* Assets.xcassets */; };
		E18400392CD8331D0066126F /* Preview Assets.xcassets in Resources */ = {isa = PBXBuildFile; fileRef = E18400382CD8331D0066126F /* Preview Assets.xcassets */; };
		E18400402CD834200066126F /* CameraViewModel.swift in Sources */ = {isa = PBXBuildFile; fileRef = E184003F2CD834200066126F /* CameraViewModel.swift */; };
		E18400422CD834800066126F /* CameraPreviewView.swift in Sources */ = {isa = PBXBuildFile; fileRef = E18400412CD834800066126F /* CameraPreviewView.swift */; };
		E18400442CD834AE0066126F /* PoseLandmarkView.swift in Sources */ = {isa = PBXBuildFile; fileRef = E18400432CD834AE0066126F /* PoseLandmarkView.swift */; };
		E18400482CD8350C0066126F /* PhotoPreviewView.swift in Sources */ = {isa = PBXBuildFile; fileRef = E18400472CD8350C0066126F /* PhotoPreviewView.swift */; };
/* End PBXBuildFile section */

/* Begin PBXFileReference section */
		725E19AE8F63676BDA9B8C93 /* Pods_testtest.framework */ = {isa = PBXFileReference; explicitFileType = wrapper.framework; includeInIndex = 0; path = Pods_testtest.framework; sourceTree = BUILT_PRODUCTS_DIR; };
		AFCA8935C76D7B8E500132CB /* Pods-testtest.debug.xcconfig */ = {isa = PBXFileReference; includeInIndex = 1; lastKnownFileType = text.xcconfig; name = "Pods-testtest.debug.xcconfig"; path = "Target Support Files/Pods-testtest/Pods-testtest.debug.xcconfig"; sourceTree = "<group>"; };
		DE15D70A058890728D75A45D /* Pods-testtest.release.xcconfig */ = {isa = PBXFileReference; includeInIndex = 1; lastKnownFileType = text.xcconfig; name = "Pods-testtest.release.xcconfig"; path = "Target Support Files/Pods-testtest/Pods-testtest.release.xcconfig"; sourceTree = "<group>"; };
		E184002E2CD8331A0066126F /* testtest.app */ = {isa = PBXFileReference; explicitFileType = wrapper.application; includeInIndex = 0; path = testtest.app; sourceTree = BUILT_PRODUCTS_DIR; };
		E18400312CD8331A0066126F /* testtestApp.swift */ = {isa = PBXFileReference; lastKnownFileType = sourcecode.swift; path = testtestApp.swift; sourceTree = "<group>"; };
		E18400332CD8331A0066126F /* ContentView.swift */ = {isa = PBXFileReference; lastKnownFileType = sourcecode.swift; path = ContentView.swift; sourceTree = "<group>"; };
		E18400352CD8331D0066126F /* Assets.xcassets */ = {isa = PBXFileReference; lastKnownFileType = folder.assetcatalog; path = Assets.xcassets; sourceTree = "<group>"; };
		E18400382CD8331D0066126F /* Preview Assets.xcassets */ = {isa = PBXFileReference; lastKnownFileType = folder.assetcatalog; path = "Preview Assets.xcassets"; sourceTree = "<group>"; };
		E184003F2CD834200066126F /* CameraViewModel.swift */ = {isa = PBXFileReference; lastKnownFileType = sourcecode.swift; path = CameraViewModel.swift; sourceTree = "<group>"; };
		E18400412CD834800066126F /* CameraPreviewView.swift */ = {isa = PBXFileReference; lastKnownFileType = sourcecode.swift; path = CameraPreviewView.swift; sourceTree = "<group>"; };
		E18400432CD834AE0066126F /* PoseLandmarkView.swift */ = {isa = PBXFileReference; lastKnownFileType = sourcecode.swift; path = PoseLandmarkView.swift; sourceTree = "<group>"; };
		E18400472CD8350C0066126F /* PhotoPreviewView.swift */ = {isa = PBXFileReference; lastKnownFileType = sourcecode.swift; path = PhotoPreviewView.swift; sourceTree = "<group>"; };
/* End PBXFileReference section */

/* Begin PBXFrameworksBuildPhase section */
		E184002B2CD8331A0066126F /* Frameworks */ = {
			isa = PBXFrameworksBuildPhase;
			buildActionMask = 2147483647;
			files = (
				48C7117D08324DBD69BD7587 /* Pods_testtest.framework in Frameworks */,
			);
			runOnlyForDeploymentPostprocessing = 0;
		};
/* End PBXFrameworksBuildPhase section */

/* Begin PBXGroup section */
		41999F2B21E44ED4802A7676 /* Frameworks */ = {
			isa = PBXGroup;
			children = (
				725E19AE8F63676BDA9B8C93 /* Pods_testtest.framework */,
			);
			name = Frameworks;
			sourceTree = "<group>";
		};
		CDB021422328943408461D81 /* Pods */ = {
			isa = PBXGroup;
			children = (
				AFCA8935C76D7B8E500132CB /* Pods-testtest.debug.xcconfig */,
				DE15D70A058890728D75A45D /* Pods-testtest.release.xcconfig */,
			);
			path = Pods;
			sourceTree = "<group>";
		};
		E18400252CD8331A0066126F = {
			isa = PBXGroup;
			children = (
				E18400302CD8331A0066126F /* testtest */,
				E184002F2CD8331A0066126F /* Products */,
				CDB021422328943408461D81 /* Pods */,
				41999F2B21E44ED4802A7676 /* Frameworks */,
			);
			sourceTree = "<group>";
		};
		E184002F2CD8331A0066126F /* Products */ = {
			isa = PBXGroup;
			children = (
				E184002E2CD8331A0066126F /* testtest.app */,
			);
			name = Products;
			sourceTree = "<group>";
		};
		E18400302CD8331A0066126F /* testtest */ = {
			isa = PBXGroup;
			children = (
				E18400312CD8331A0066126F /* testtestApp.swift */,
				E18400332CD8331A0066126F /* ContentView.swift */,
				E18400352CD8331D0066126F /* Assets.xcassets */,
				E18400372CD8331D0066126F /* Preview Content */,
				E184003F2CD834200066126F /* CameraViewModel.swift */,
				E18400412CD834800066126F /* CameraPreviewView.swift */,
				E18400432CD834AE0066126F /* PoseLandmarkView.swift */,
				E18400472CD8350C0066126F /* PhotoPreviewView.swift */,
			);
			path = testtest;
			sourceTree = "<group>";
		};
		E18400372CD8331D0066126F /* Preview Content */ = {
			isa = PBXGroup;
			children = (
				E18400382CD8331D0066126F /* Preview Assets.xcassets */,
			);
			path = "Preview Content";
			sourceTree = "<group>";
		};
/* End PBXGroup section */

/* Begin PBXNativeTarget section */
		E184002D2CD8331A0066126F /* testtest */ = {
			isa = PBXNativeTarget;
			buildConfigurationList = E184003C2CD8331D0066126F /* Build configuration list for PBXNativeTarget "testtest" */;
			buildPhases = (
				C1B64C24F1FDD54E4763ED3C /* [CP] Check Pods Manifest.lock */,
				E184002A2CD8331A0066126F /* Sources */,
				E184002B2CD8331A0066126F /* Frameworks */,
				E184002C2CD8331A0066126F /* Resources */,
				362320B5FEFA7B00E7BDFD11 /* [CP] Embed Pods Frameworks */,
				AE728CF8A8B33D38351670AB /* [CP] Copy Pods Resources */,
			);
			buildRules = (
			);
			dependencies = (
			);
			name = testtest;
			productName = testtest;
			productReference = E184002E2CD8331A0066126F /* testtest.app */;
			productType = "com.apple.product-type.application";
		};
/* End PBXNativeTarget section */

/* Begin PBXProject section */
		E18400262CD8331A0066126F /* Project object */ = {
			isa = PBXProject;
			attributes = {
				BuildIndependentTargetsInParallel = 1;
				LastSwiftUpdateCheck = 1520;
				LastUpgradeCheck = 1520;
				TargetAttributes = {
					E184002D2CD8331A0066126F = {
						CreatedOnToolsVersion = 15.2;
					};
				};
			};
			buildConfigurationList = E18400292CD8331A0066126F /* Build configuration list for PBXProject "testtest" */;
			compatibilityVersion = "Xcode 14.0";
			developmentRegion = en;
			hasScannedForEncodings = 0;
			knownRegions = (
				en,
				Base,
			);
			mainGroup = E18400252CD8331A0066126F;
			productRefGroup = E184002F2CD8331A0066126F /* Products */;
			projectDirPath = "";
			projectRoot = "";
			targets = (
				E184002D2CD8331A0066126F /* testtest */,
			);
		};
/* End PBXProject section */

/* Begin PBXResourcesBuildPhase section */
		E184002C2CD8331A0066126F /* Resources */ = {
			isa = PBXResourcesBuildPhase;
			buildActionMask = 2147483647;
			files = (
				E18400392CD8331D0066126F /* Preview Assets.xcassets in Resources */,
				E18400362CD8331D0066126F /* Assets.xcassets in Resources */,
			);
			runOnlyForDeploymentPostprocessing = 0;
		};
/* End PBXResourcesBuildPhase section */

/* Begin PBXShellScriptBuildPhase section */
		362320B5FEFA7B00E7BDFD11 /* [CP] Embed Pods Frameworks */ = {
			isa = PBXShellScriptBuildPhase;
			buildActionMask = 2147483647;
			files = (
			);
			inputFileListPaths = (
				"${PODS_ROOT}/Target Support Files/Pods-testtest/Pods-testtest-frameworks-${CONFIGURATION}-input-files.xcfilelist",
			);
			name = "[CP] Embed Pods Frameworks";
			outputFileListPaths = (
				"${PODS_ROOT}/Target Support Files/Pods-testtest/Pods-testtest-frameworks-${CONFIGURATION}-output-files.xcfilelist",
			);
			runOnlyForDeploymentPostprocessing = 0;
			shellPath = /bin/sh;
			shellScript = "\"${PODS_ROOT}/Target Support Files/Pods-testtest/Pods-testtest-frameworks.sh\"\n";
			showEnvVarsInLog = 0;
		};
		AE728CF8A8B33D38351670AB /* [CP] Copy Pods Resources */ = {
			isa = PBXShellScriptBuildPhase;
			buildActionMask = 2147483647;
			files = (
			);
			inputFileListPaths = (
				"${PODS_ROOT}/Target Support Files/Pods-testtest/Pods-testtest-resources-${CONFIGURATION}-input-files.xcfilelist",
			);
			name = "[CP] Copy Pods Resources";
			outputFileListPaths = (
				"${PODS_ROOT}/Target Support Files/Pods-testtest/Pods-testtest-resources-${CONFIGURATION}-output-files.xcfilelist",
			);
			runOnlyForDeploymentPostprocessing = 0;
			shellPath = /bin/sh;
			shellScript = "\"${PODS_ROOT}/Target Support Files/Pods-testtest/Pods-testtest-resources.sh\"\n";
			showEnvVarsInLog = 0;
		};
		C1B64C24F1FDD54E4763ED3C /* [CP] Check Pods Manifest.lock */ = {
			isa = PBXShellScriptBuildPhase;
			buildActionMask = 2147483647;
			files = (
			);
			inputFileListPaths = (
			);
			inputPaths = (
				"${PODS_PODFILE_DIR_PATH}/Podfile.lock",
				"${PODS_ROOT}/Manifest.lock",
			);
			name = "[CP] Check Pods Manifest.lock";
			outputFileListPaths = (
			);
			outputPaths = (
				"$(DERIVED_FILE_DIR)/Pods-testtest-checkManifestLockResult.txt",
			);
			runOnlyForDeploymentPostprocessing = 0;
			shellPath = /bin/sh;
			shellScript = "diff \"${PODS_PODFILE_DIR_PATH}/Podfile.lock\" \"${PODS_ROOT}/Manifest.lock\" > /dev/null\nif [ $? != 0 ] ; then\n    # print error to STDERR\n    echo \"error: The sandbox is not in sync with the Podfile.lock. Run 'pod install' or update your CocoaPods installation.\" >&2\n    exit 1\nfi\n# This output is used by Xcode 'outputs' to avoid re-running this script phase.\necho \"SUCCESS\" > \"${SCRIPT_OUTPUT_FILE_0}\"\n";
			showEnvVarsInLog = 0;
		};
/* End PBXShellScriptBuildPhase section */

/* Begin PBXSourcesBuildPhase section */
		E184002A2CD8331A0066126F /* Sources */ = {
			isa = PBXSourcesBuildPhase;
			buildActionMask = 2147483647;
			files = (
				E18400442CD834AE0066126F /* PoseLandmarkView.swift in Sources */,
				E18400422CD834800066126F /* CameraPreviewView.swift in Sources */,
				E18400342CD8331A0066126F /* ContentView.swift in Sources */,
				E18400322CD8331A0066126F /* testtestApp.swift in Sources */,
				E18400482CD8350C0066126F /* PhotoPreviewView.swift in Sources */,
				E18400402CD834200066126F /* CameraViewModel.swift in Sources */,
			);
			runOnlyForDeploymentPostprocessing = 0;
		};
/* End PBXSourcesBuildPhase section */

/* Begin XCBuildConfiguration section */
		E184003A2CD8331D0066126F /* Debug */ = {
			isa = XCBuildConfiguration;
			buildSettings = {
				ALWAYS_SEARCH_USER_PATHS = NO;
				ASSETCATALOG_COMPILER_GENERATE_SWIFT_ASSET_SYMBOL_EXTENSIONS = YES;
				CLANG_ANALYZER_NONNULL = YES;
				CLANG_ANALYZER_NUMBER_OBJECT_CONVERSION = YES_AGGRESSIVE;
				CLANG_CXX_LANGUAGE_STANDARD = "gnu++20";
				CLANG_ENABLE_MODULES = YES;
				CLANG_ENABLE_OBJC_ARC = YES;
				CLANG_ENABLE_OBJC_WEAK = YES;
				CLANG_WARN_BLOCK_CAPTURE_AUTORELEASING = YES;
				CLANG_WARN_BOOL_CONVERSION = YES;
				CLANG_WARN_COMMA = YES;
				CLANG_WARN_CONSTANT_CONVERSION = YES;
				CLANG_WARN_DEPRECATED_OBJC_IMPLEMENTATIONS = YES;
				CLANG_WARN_DIRECT_OBJC_ISA_USAGE = YES_ERROR;
				CLANG_WARN_DOCUMENTATION_COMMENTS = YES;
				CLANG_WARN_EMPTY_BODY = YES;
				CLANG_WARN_ENUM_CONVERSION = YES;
				CLANG_WARN_INFINITE_RECURSION = YES;
				CLANG_WARN_INT_CONVERSION = YES;
				CLANG_WARN_NON_LITERAL_NULL_CONVERSION = YES;
				CLANG_WARN_OBJC_IMPLICIT_RETAIN_SELF = YES;
				CLANG_WARN_OBJC_LITERAL_CONVERSION = YES;
				CLANG_WARN_OBJC_ROOT_CLASS = YES_ERROR;
				CLANG_WARN_QUOTED_INCLUDE_IN_FRAMEWORK_HEADER = YES;
				CLANG_WARN_RANGE_LOOP_ANALYSIS = YES;
				CLANG_WARN_STRICT_PROTOTYPES = YES;
				CLANG_WARN_SUSPICIOUS_MOVE = YES;
				CLANG_WARN_UNGUARDED_AVAILABILITY = YES_AGGRESSIVE;
				CLANG_WARN_UNREACHABLE_CODE = YES;
				CLANG_WARN__DUPLICATE_METHOD_MATCH = YES;
				COPY_PHASE_STRIP = NO;
				DEBUG_INFORMATION_FORMAT = dwarf;
				ENABLE_STRICT_OBJC_MSGSEND = YES;
				ENABLE_TESTABILITY = YES;
				ENABLE_USER_SCRIPT_SANDBOXING = NO;
				GCC_C_LANGUAGE_STANDARD = gnu17;
				GCC_DYNAMIC_NO_PIC = NO;
				GCC_NO_COMMON_BLOCKS = YES;
				GCC_OPTIMIZATION_LEVEL = 0;
				GCC_PREPROCESSOR_DEFINITIONS = (
					"DEBUG=1",
					"$(inherited)",
				);
				GCC_WARN_64_TO_32_BIT_CONVERSION = YES;
				GCC_WARN_ABOUT_RETURN_TYPE = YES_ERROR;
				GCC_WARN_UNDECLARED_SELECTOR = YES;
				GCC_WARN_UNINITIALIZED_AUTOS = YES_AGGRESSIVE;
				GCC_WARN_UNUSED_FUNCTION = YES;
				GCC_WARN_UNUSED_VARIABLE = YES;
				IPHONEOS_DEPLOYMENT_TARGET = 17.2;
				LOCALIZATION_PREFERS_STRING_CATALOGS = YES;
				MTL_ENABLE_DEBUG_INFO = INCLUDE_SOURCE;
				MTL_FAST_MATH = YES;
				ONLY_ACTIVE_ARCH = YES;
				SDKROOT = iphoneos;
				SWIFT_ACTIVE_COMPILATION_CONDITIONS = "DEBUG $(inherited)";
				SWIFT_OPTIMIZATION_LEVEL = "-Onone";
			};
			name = Debug;
		};
		E184003B2CD8331D0066126F /* Release */ = {
			isa = XCBuildConfiguration;
			buildSettings = {
				ALWAYS_SEARCH_USER_PATHS = NO;
				ASSETCATALOG_COMPILER_GENERATE_SWIFT_ASSET_SYMBOL_EXTENSIONS = YES;
				CLANG_ANALYZER_NONNULL = YES;
				CLANG_ANALYZER_NUMBER_OBJECT_CONVERSION = YES_AGGRESSIVE;
				CLANG_CXX_LANGUAGE_STANDARD = "gnu++20";
				CLANG_ENABLE_MODULES = YES;
				CLANG_ENABLE_OBJC_ARC = YES;
				CLANG_ENABLE_OBJC_WEAK = YES;
				CLANG_WARN_BLOCK_CAPTURE_AUTORELEASING = YES;
				CLANG_WARN_BOOL_CONVERSION = YES;
				CLANG_WARN_COMMA = YES;
				CLANG_WARN_CONSTANT_CONVERSION = YES;
				CLANG_WARN_DEPRECATED_OBJC_IMPLEMENTATIONS = YES;
				CLANG_WARN_DIRECT_OBJC_ISA_USAGE = YES_ERROR;
				CLANG_WARN_DOCUMENTATION_COMMENTS = YES;
				CLANG_WARN_EMPTY_BODY = YES;
				CLANG_WARN_ENUM_CONVERSION = YES;
				CLANG_WARN_INFINITE_RECURSION = YES;
				CLANG_WARN_INT_CONVERSION = YES;
				CLANG_WARN_NON_LITERAL_NULL_CONVERSION = YES;
				CLANG_WARN_OBJC_IMPLICIT_RETAIN_SELF = YES;
				CLANG_WARN_OBJC_LITERAL_CONVERSION = YES;
				CLANG_WARN_OBJC_ROOT_CLASS = YES_ERROR;
				CLANG_WARN_QUOTED_INCLUDE_IN_FRAMEWORK_HEADER = YES;
				CLANG_WARN_RANGE_LOOP_ANALYSIS = YES;
				CLANG_WARN_STRICT_PROTOTYPES = YES;
				CLANG_WARN_SUSPICIOUS_MOVE = YES;
				CLANG_WARN_UNGUARDED_AVAILABILITY = YES_AGGRESSIVE;
				CLANG_WARN_UNREACHABLE_CODE = YES;
				CLANG_WARN__DUPLICATE_METHOD_MATCH = YES;
				COPY_PHASE_STRIP = NO;
				DEBUG_INFORMATION_FORMAT = "dwarf-with-dsym";
				ENABLE_NS_ASSERTIONS = NO;
				ENABLE_STRICT_OBJC_MSGSEND = YES;
				ENABLE_USER_SCRIPT_SANDBOXING = NO;
				GCC_C_LANGUAGE_STANDARD = gnu17;
				GCC_NO_COMMON_BLOCKS = YES;
				GCC_WARN_64_TO_32_BIT_CONVERSION = YES;
				GCC_WARN_ABOUT_RETURN_TYPE = YES_ERROR;
				GCC_WARN_UNDECLARED_SELECTOR = YES;
				GCC_WARN_UNINITIALIZED_AUTOS = YES_AGGRESSIVE;
				GCC_WARN_UNUSED_FUNCTION = YES;
				GCC_WARN_UNUSED_VARIABLE = YES;
				IPHONEOS_DEPLOYMENT_TARGET = 17.2;
				LOCALIZATION_PREFERS_STRING_CATALOGS = YES;
				MTL_ENABLE_DEBUG_INFO = NO;
				MTL_FAST_MATH = YES;
				SDKROOT = iphoneos;
				SWIFT_COMPILATION_MODE = wholemodule;
				VALIDATE_PRODUCT = YES;
			};
			name = Release;
		};
		E184003D2CD8331D0066126F /* Debug */ = {
			isa = XCBuildConfiguration;
			baseConfigurationReference = AFCA8935C76D7B8E500132CB /* Pods-testtest.debug.xcconfig */;
			buildSettings = {
				ASSETCATALOG_COMPILER_APPICON_NAME = AppIcon;
				ASSETCATALOG_COMPILER_GLOBAL_ACCENT_COLOR_NAME = AccentColor;
				CODE_SIGN_STYLE = Automatic;
				CURRENT_PROJECT_VERSION = 1;
				DEVELOPMENT_ASSET_PATHS = "\"testtest/Preview Content\"";
				DEVELOPMENT_TEAM = L239KMJ323;
				ENABLE_PREVIEWS = YES;
				GENERATE_INFOPLIST_FILE = YES;
				INFOPLIST_KEY_NSCameraUsageDescription = "need it";
				INFOPLIST_KEY_UIApplicationSceneManifest_Generation = YES;
				INFOPLIST_KEY_UIApplicationSupportsIndirectInputEvents = YES;
				INFOPLIST_KEY_UILaunchScreen_Generation = YES;
				INFOPLIST_KEY_UISupportedInterfaceOrientations_iPad = "UIInterfaceOrientationPortrait UIInterfaceOrientationPortraitUpsideDown UIInterfaceOrientationLandscapeLeft UIInterfaceOrientationLandscapeRight";
				INFOPLIST_KEY_UISupportedInterfaceOrientations_iPhone = "UIInterfaceOrientationPortrait UIInterfaceOrientationLandscapeLeft UIInterfaceOrientationLandscapeRight";
				LD_RUNPATH_SEARCH_PATHS = (
					"$(inherited)",
					"@executable_path/Frameworks",
				);
				MARKETING_VERSION = 1.0;
				PRODUCT_BUNDLE_IDENTIFIER = poc.testtest;
				PRODUCT_NAME = "$(TARGET_NAME)";
				SWIFT_EMIT_LOC_STRINGS = YES;
				SWIFT_VERSION = 5.0;
				TARGETED_DEVICE_FAMILY = "1,2";
			};
			name = Debug;
		};
		E184003E2CD8331D0066126F /* Release */ = {
			isa = XCBuildConfiguration;
			baseConfigurationReference = DE15D70A058890728D75A45D /* Pods-testtest.release.xcconfig */;
			buildSettings = {
				ASSETCATALOG_COMPILER_APPICON_NAME = AppIcon;
				ASSETCATALOG_COMPILER_GLOBAL_ACCENT_COLOR_NAME = AccentColor;
				CODE_SIGN_STYLE = Automatic;
				CURRENT_PROJECT_VERSION = 1;
				DEVELOPMENT_ASSET_PATHS = "\"testtest/Preview Content\"";
				DEVELOPMENT_TEAM = L239KMJ323;
				ENABLE_PREVIEWS = YES;
				GENERATE_INFOPLIST_FILE = YES;
				INFOPLIST_KEY_NSCameraUsageDescription = "need it";
				INFOPLIST_KEY_UIApplicationSceneManifest_Generation = YES;
				INFOPLIST_KEY_UIApplicationSupportsIndirectInputEvents = YES;
				INFOPLIST_KEY_UILaunchScreen_Generation = YES;
				INFOPLIST_KEY_UISupportedInterfaceOrientations_iPad = "UIInterfaceOrientationPortrait UIInterfaceOrientationPortraitUpsideDown UIInterfaceOrientationLandscapeLeft UIInterfaceOrientationLandscapeRight";
				INFOPLIST_KEY_UISupportedInterfaceOrientations_iPhone = "UIInterfaceOrientationPortrait UIInterfaceOrientationLandscapeLeft UIInterfaceOrientationLandscapeRight";
				LD_RUNPATH_SEARCH_PATHS = (
					"$(inherited)",
					"@executable_path/Frameworks",
				);
				MARKETING_VERSION = 1.0;
				PRODUCT_BUNDLE_IDENTIFIER = poc.testtest;
				PRODUCT_NAME = "$(TARGET_NAME)";
				SWIFT_EMIT_LOC_STRINGS = YES;
				SWIFT_VERSION = 5.0;
				TARGETED_DEVICE_FAMILY = "1,2";
			};
			name = Release;
		};
/* End XCBuildConfiguration section */

/* Begin XCConfigurationList section */
		E18400292CD8331A0066126F /* Build configuration list for PBXProject "testtest" */ = {
			isa = XCConfigurationList;
			buildConfigurations = (
				E184003A2CD8331D0066126F /* Debug */,
				E184003B2CD8331D0066126F /* Release */,
			);
			defaultConfigurationIsVisible = 0;
			defaultConfigurationName = Release;
		};
		E184003C2CD8331D0066126F /* Build configuration list for PBXNativeTarget "testtest" */ = {
			isa = XCConfigurationList;
			buildConfigurations = (
				E184003D2CD8331D0066126F /* Debug */,
				E184003E2CD8331D0066126F /* Release */,
			);
			defaultConfigurationIsVisible = 0;
			defaultConfigurationName = Release;
		};
/* End XCConfigurationList section */
	};
	rootObject = E18400262CD8331A0066126F /* Project object */;
}
